
Microsoft Visual Studio Solution File, Format Version 12.00
# Visual Studio Version 17
VisualStudioVersion = 17.10.35013.160
MinimumVisualStudioVersion = 10.0.40219.1
Project("{FAE04EC0-301F-11D3-BF4B-00C04F79EFBC}") = "BookStoreApi", "BookStoreApi.csproj", "{3F0D23F1-1579-4E66-BB4E-1D01D6F87E93}"
EndProject
Global
	GlobalSection(SolutionConfigurationPlatforms) = preSolution
		Debug|Any CPU = Debug|Any CPU
		Release|Any CPU = Release|Any CPU
	EndGlobalSection
	GlobalSection(ProjectConfigurationPlatforms) = postSolution
		{3F0D23F1-1579-4E66-BB4E-1D01D6F87E93}.Debug|Any CPU.ActiveCfg = Debug|Any CPU
		{3F0D23F1-1579-4E66-BB4E-1D01D6F87E93}.Debug|Any CPU.Build.0 = Debug|Any CPU
		{3F0D23F1-1579-4E66-BB4E-1D01D6F87E93}.Release|Any CPU.ActiveCfg = Release|Any CPU
		{3F0D23F1-1579-4E66-BB4E-1D01D6F87E93}.Release|Any CPU.Build.0 = Release|Any CPU
	EndGlobalSection
	GlobalSection(SolutionProperties) = preSolution
		HideSolutionNode = FALSE
	EndGlobalSection
	GlobalSection(ExtensibilityGlobals) = postSolution
		SolutionGuid = {FA551111-ED74-45BE-85DF-24F42DC9C89B}
	EndGlobalSection
EndGlobal
